<?xml version="1.0" encoding="utf-8"?>
<Project ToolsVersion="4.0" xmlns="http://schemas.microsoft.com/developer/msbuild/2003">
  <ItemGroup>
    <Filter Include="Solutions">
      <UniqueIdentifier>{4FC737F1-C7A5-4376-A066-2A32D752A2FF}</UniqueIdentifier>
      <Extensions>cpp;c;cc;cxx;c++;cppm;ixx;def;odl;idl;hpj;bat;asm;asmx</Extensions>
    </Filter>
    <Filter Include="Common">
      <UniqueIdentifier>{15bc1c12-cc33-41c2-a20b-3631b73c0761}</UniqueIdentifier>
    </Filter>
    <Filter Include="Solutions\2021">
      <UniqueIdentifier>{28029758-7263-49f7-b097-eed00f87851c}</UniqueIdentifier>
    </Filter>
  </ItemGroup>
  <ItemGroup>
    <ClCompile Include="main.ixx" />
    <ClCompile Include="solutions\2021\day01.ixx">
      <Filter>Solutions\2021</Filter>
    </ClCompile>
    <ClCompile Include="solutions\2021\day02.ixx">
      <Filter>Solutions\2021</Filter>
    </ClCompile>
    <ClCompile Include="solutions\2021\day03.ixx">
      <Filter>Solutions\2021</Filter>
    </ClCompile>
    <ClCompile Include="solutions\2021\day04.ixx">
      <Filter>Solutions\2021</Filter>
    </ClCompile>
    <ClCompile Include="solutions\2021\day05.ixx">
      <Filter>Solutions\2021</Filter>
    </ClCompile>
    <ClCompile Include="solutions\2021\day06.ixx">
      <Filter>Solutions\2021</Filter>
    </ClCompile>
    <ClCompile Include="solutions\2021\day07.ixx">
      <Filter>Solutions\2021</Filter>
    </ClCompile>
    <ClCompile Include="solutions\2021\day08.ixx">
      <Filter>Solutions\2021</Filter>
    </ClCompile>
    <ClCompile Include="solutions\2021\day09.ixx">
      <Filter>Solutions\2021</Filter>
    </ClCompile>
    <ClCompile Include="solutions\2021\day10.ixx">
      <Filter>Solutions\2021</Filter>
    </ClCompile>
    <ClCompile Include="solutions\2021\day11.ixx">
      <Filter>Solutions\2021</Filter>
    </ClCompile>
    <ClCompile Include="solutions\2021\day12.ixx">
      <Filter>Solutions\2021</Filter>
    </ClCompile>
    <ClCompile Include="common\benchmark.ixx">
      <Filter>Common</Filter>
    </ClCompile>
    <ClCompile Include="common\bitwise.ixx">
      <Filter>Common</Filter>
    </ClCompile>
    <ClCompile Include="common\parse.ixx">
      <Filter>Common</Filter>
    </ClCompile>
    <ClCompile Include="common\types.ixx">
      <Filter>Common</Filter>
    </ClCompile>
    <ClCompile Include="common\utils.ixx">
      <Filter>Common</Filter>
    </ClCompile>
    <ClCompile Include="common\v2.ixx">
      <Filter>Common</Filter>
    </ClCompile>
    <ClCompile Include="solutions\2021\day13.ixx">
      <Filter>Solutions\2021</Filter>
    </ClCompile>
  </ItemGroup>
  <ItemGroup>
    <ClInclude Include="common\radix_sort.hpp">
      <Filter>Common</Filter>
    </ClInclude>
    <ClInclude Include="common\flat_hash_map.hpp">
      <Filter>Common</Filter>
    </ClInclude>
  </ItemGroup>
</Project>